
Microsoft Visual Studio Solution File, Format Version 12.00
# Visual Studio 15
VisualStudioVersion = 15.0.28010.2036
MinimumVisualStudioVersion = 10.0.40219.1
Project("{FAE04EC0-301F-11D3-BF4B-00C04F79EFBC}") = "adam_asmaca", "adam_asmaca\adam_asmaca.csproj", "{B89F7C41-5D57-493C-A709-047880EF9B7F}"
EndProject
Global
	GlobalSection(SolutionConfigurationPlatforms) = preSolution
		Debug|Any CPU = Debug|Any CPU
		Release|Any CPU = Release|Any CPU
	EndGlobalSection
	GlobalSection(ProjectConfigurationPlatforms) = postSolution
		{B89F7C41-5D57-493C-A709-047880EF9B7F}.Debug|Any CPU.ActiveCfg = Debug|Any CPU
		{B89F7C41-5D57-493C-A709-047880EF9B7F}.Debug|Any CPU.Build.0 = Debug|Any CPU
		{B89F7C41-5D57-493C-A709-047880EF9B7F}.Release|Any CPU.ActiveCfg = Release|Any CPU
		{B89F7C41-5D57-493C-A709-047880EF9B7F}.Release|Any CPU.Build.0 = Release|Any CPU
	EndGlobalSection
	GlobalSection(SolutionProperties) = preSolution
		HideSolutionNode = FALSE
	EndGlobalSection
	GlobalSection(ExtensibilityGlobals) = postSolution
		SolutionGuid = {1EAB6DE7-3DA3-4123-93B2-9BFF88244DC6}
	EndGlobalSection
EndGlobal
